
Microsoft Visual Studio Solution File, Format Version 12.00
# Visual Studio Version 17
VisualStudioVersion = 17.0.31808.319
MinimumVisualStudioVersion = 10.0.40219.1
Project("{9A19103F-16F7-4668-BE54-9A1E7A4F7556}") = "LudoProduct", "LudoProduct.csproj", "{66C48759-5BD4-4E3B-9304-58AC8FE9D276}"
EndProject
Project("{9A19103F-16F7-4668-BE54-9A1E7A4F7556}") = "EngineVEr2", "C:\Users\ASUS\source\repos\EngineVEr2\EngineVEr2\EngineVEr2.csproj", "{F59D88F4-8043-435D-9741-46EFE1AC2FDF}"
EndProject
Global
	GlobalSection(SolutionConfigurationPlatforms) = preSolution
		Debug|Any CPU = Debug|Any CPU
		Release|Any CPU = Release|Any CPU
	EndGlobalSection
	GlobalSection(ProjectConfigurationPlatforms) = postSolution
		{66C48759-5BD4-4E3B-9304-58AC8FE9D276}.Debug|Any CPU.ActiveCfg = Debug|Any CPU
		{66C48759-5BD4-4E3B-9304-58AC8FE9D276}.Debug|Any CPU.Build.0 = Debug|Any CPU
		{66C48759-5BD4-4E3B-9304-58AC8FE9D276}.Release|Any CPU.ActiveCfg = Release|Any CPU
		{66C48759-5BD4-4E3B-9304-58AC8FE9D276}.Release|Any CPU.Build.0 = Release|Any CPU
		{F59D88F4-8043-435D-9741-46EFE1AC2FDF}.Debug|Any CPU.ActiveCfg = Debug|Any CPU
		{F59D88F4-8043-435D-9741-46EFE1AC2FDF}.Debug|Any CPU.Build.0 = Debug|Any CPU
		{F59D88F4-8043-435D-9741-46EFE1AC2FDF}.Release|Any CPU.ActiveCfg = Release|Any CPU
		{F59D88F4-8043-435D-9741-46EFE1AC2FDF}.Release|Any CPU.Build.0 = Release|Any CPU
	EndGlobalSection
	GlobalSection(SolutionProperties) = preSolution
		HideSolutionNode = FALSE
	EndGlobalSection
	GlobalSection(ExtensibilityGlobals) = postSolution
		SolutionGuid = {7DAC9044-C75B-401A-9C87-E9C5CD3ABE21}
	EndGlobalSection
EndGlobal
